{
  "nodes": {
    "devenv": {
      "locked": {
        "dir": "src/modules",
        "lastModified": 1774370150,
        "narHash": "sha256-P6EAWzX7OwyP/T7mkQRBuDuNd1xyx2bbRmUTfWYm3lg=",
        "owner": "cachix",
        "repo": "devenv",
        "rev": "899bc62cadea44e873a41db001a4c229769f3f4d",
        "type": "github"
      },
      "original": {
        "dir": "src/modules",
        "owner": "cachix",
        "repo": "devenv",
        "type": "github"
      }
    },
    "devenv-module-devcontainer": {
      "flake": false,
      "locked": {
        "lastModified": 1774015019,
        "narHash": "sha256-S7eUHEQDShIIjf/Um+WT3n6+ygLlfiFU0jaSyoG8DFo=",
        "owner": "datakurre",
        "repo": "devenv-module-devcontainer",
        "rev": "a35ff61b596714f78c368c224be1fd0252c2d6c6",
        "type": "github"
      },
      "original": {
        "owner": "datakurre",
        "repo": "devenv-module-devcontainer",
        "type": "github"
      }
    },
    "devenv-module-devcontainer-nixpkgs": {
      "locked": {
        "lastModified": 1774381323,
        "narHash": "sha256-9cWAOfqnmZG9AlsOYLUGSWOd72LwxPVrsH/P90sggIU=",
        "owner": "nixos",
        "repo": "nixpkgs",
        "rev": "3ce49beafe4089e1602e08da440ac5fa6f2e401f",
        "type": "github"
      },
      "original": {
        "owner": "nixos",
        "repo": "nixpkgs",
        "type": "github"
      }
    },
    "nixpkgs": {
      "locked": {
        "lastModified": 1774381323,
        "narHash": "sha256-9cWAOfqnmZG9AlsOYLUGSWOd72LwxPVrsH/P90sggIU=",
        "owner": "NixOS",
        "repo": "nixpkgs",
        "rev": "3ce49beafe4089e1602e08da440ac5fa6f2e401f",
        "type": "github"
      },
      "original": {
        "owner": "NixOS",
        "ref": "master",
        "repo": "nixpkgs",
        "type": "github"
      }
    },
    "root": {
      "inputs": {
        "devenv": "devenv",
        "devenv-module-devcontainer": "devenv-module-devcontainer",
        "devenv-module-devcontainer-nixpkgs": "devenv-module-devcontainer-nixpkgs",
        "nixpkgs": "nixpkgs"
      }
    }
  },
  "root": "root",
  "version": 7
}