{
  "nodes": {
    "devenv": {
      "locked": {
        "dir": "src/modules",
        "lastModified": 1773691740,
        "narHash": "sha256-E8TDkHacNaLnCozKjwLn8Hxh2PGDuiXdtX3ihqDygk0=",
        "owner": "cachix",
        "repo": "devenv",
        "rev": "18e2ab71b5ac1c6a7d32e228ad11ea144dc5cdfd",
        "type": "github"
      },
      "original": {
        "dir": "src/modules",
        "owner": "cachix",
        "repo": "devenv",
        "type": "github"
      }
    },
    "devenv-module-devcontainer": {
      "flake": false,
      "locked": {
        "lastModified": 1772985947,
        "narHash": "sha256-Ie4wWxbg5hFkPUyoBqJLIDVPQfBVrgGVKrkbT6qLLYs=",
        "owner": "datakurre",
        "repo": "devenv-module-devcontainer",
        "rev": "bde2966fda08382e4e3405ac1af55ee22ef75eb3",
        "type": "github"
      },
      "original": {
        "owner": "datakurre",
        "repo": "devenv-module-devcontainer",
        "type": "github"
      }
    },
    "nixpkgs": {
      "locked": {
        "lastModified": 1773691874,
        "narHash": "sha256-eZf4GUcia6N0Zx9CBPbuvoo/Onht5L1LNsW0yWQ0/S8=",
        "owner": "NixOS",
        "repo": "nixpkgs",
        "rev": "844ddf8e36f512b615f8d44b341c4ff1238324af",
        "type": "github"
      },
      "original": {
        "owner": "NixOS",
        "ref": "master",
        "repo": "nixpkgs",
        "type": "github"
      }
    },
    "nixpkgs-stable": {
      "locked": {
        "lastModified": 1773610124,
        "narHash": "sha256-EpC7ELOKmb+xXaqpK5ZRpJ5g9fxxg6tWny7/rUBfrwk=",
        "owner": "NixOS",
        "repo": "nixpkgs",
        "rev": "9fe1300f4360e13f39d6d1d006e54fd5093e9ad5",
        "type": "github"
      },
      "original": {
        "owner": "NixOS",
        "ref": "nixos-25.11",
        "repo": "nixpkgs",
        "type": "github"
      }
    },
    "root": {
      "inputs": {
        "devenv": "devenv",
        "devenv-module-devcontainer": "devenv-module-devcontainer",
        "nixpkgs": "nixpkgs",
        "nixpkgs-stable": "nixpkgs-stable"
      }
    }
  },
  "root": "root",
  "version": 7
}