{
  "nodes": {
    "devenv": {
      "locked": {
        "dir": "src/modules",
        "lastModified": 1775316197,
        "narHash": "sha256-Z2/xPvF9hvqmUMZ1EtyMsGULTN3jyyG4gEI4d3AL4rw=",
        "owner": "cachix",
        "repo": "devenv",
        "rev": "b1786b88aaec2d42afa10e7a057423475ac30ff6",
        "type": "github"
      },
      "original": {
        "dir": "src/modules",
        "owner": "cachix",
        "repo": "devenv",
        "type": "github"
      }
    },
    "nixpkgs": {
      "locked": {
        "lastModified": 1775330219,
        "narHash": "sha256-I4k6UoqV4KWreDxRd1bvCJQLK1KOpPhH7cbEP9asCoM=",
        "owner": "NixOS",
        "repo": "nixpkgs",
        "rev": "6e0b519503c4f13c5233d27e7fb68e528a1b56dc",
        "type": "github"
      },
      "original": {
        "owner": "nixos",
        "repo": "nixpkgs",
        "type": "github"
      }
    },
    "root": {
      "inputs": {
        "devenv": "devenv",
        "nixpkgs": "nixpkgs"
      }
    }
  },
  "root": "root",
  "version": 7
}